
Microsoft Visual Studio Solution File, Format Version 12.00
# Visual Studio 15
VisualStudioVersion = 15.0.28307.705
MinimumVisualStudioVersion = 10.0.40219.1
Project("{9A19103F-16F7-4668-BE54-9A1E7A4F7556}") = "EI.RP.WebApp", "EI.RP.WebApp\EI.RP.WebApp.csproj", "{6834A57E-5F3D-4805-8BBA-076DDA10E524}"
EndProject
Project("{9A19103F-16F7-4668-BE54-9A1E7A4F7556}") = "EI.RP.DomainServices", "EI.RP.DomainServices\EI.RP.DomainServices.csproj", "{41C6666E-B075-452F-8DAC-38DC8DB68D5A}"
EndProject
Project("{9A19103F-16F7-4668-BE54-9A1E7A4F7556}") = "EI.RP.DataServices", "EI.RP.DataServices\EI.RP.DataServices.csproj", "{B8BE9085-F7C5-461E-B226-CFEBBC46CCF4}"
EndProject
Project("{2150E333-8FDC-42A3-9474-1A3956D46DE8}") = "DataServices", "DataServices", "{B9439CC1-BB38-4801-8C31-F32B221E5FF9}"
EndProject
Project("{9A19103F-16F7-4668-BE54-9A1E7A4F7556}") = "EI.RP.CoreServices", "EI.RP.CoreServices\EI.RP.CoreServices.csproj", "{D419B3BD-CA30-4EBF-A689-54FBE6614D57}"
EndProject
Project("{2150E333-8FDC-42A3-9474-1A3956D46DE8}") = "CoreServices", "CoreServices", "{D9359109-C3BF-4D29-8261-0E6F41C4C7A7}"
EndProject
Project("{2150E333-8FDC-42A3-9474-1A3956D46DE8}") = "DomainServices", "DomainServices", "{83C01BC0-6C4A-4344-BCA5-57054FEF7040}"
EndProject
Project("{2150E333-8FDC-42A3-9474-1A3956D46DE8}") = "App", "App", "{DDDDB3CE-A7AB-4370-BAB3-AEA6844EB54D}"
EndProject
Project("{9A19103F-16F7-4668-BE54-9A1E7A4F7556}") = "EI.RP.DataServices.SAP.Clients", "EI.RP.DataServices.SAP.Clients\EI.RP.DataServices.SAP.Clients.csproj", "{4A666AB1-813E-456D-A8BD-5548A25F2EB9}"
EndProject
Project("{9A19103F-16F7-4668-BE54-9A1E7A4F7556}") = "EI.RP.CoreServices.InProc", "EI.RP.CoreServices.InProc\EI.RP.CoreServices.InProc.csproj", "{2CE46E6A-35F1-4DE9-8DB2-6C5CDC78B143}"
EndProject
Project("{9A19103F-16F7-4668-BE54-9A1E7A4F7556}") = "EI.RP.DataServices.EventsApi.Clients", "EI.RP.DataServices.EventsApi.Clients\EI.RP.DataServices.EventsApi.Clients.csproj", "{EB2E4160-348C-4885-A81F-93664C1CE380}"
EndProject
Project("{9A19103F-16F7-4668-BE54-9A1E7A4F7556}") = "Ei.Rp.DomainModels", "Ei.Rp.DomainModels\Ei.Rp.DomainModels.csproj", "{763F37A5-5DFA-4332-86A6-B01F46C0EE5B}"
EndProject
Project("{2150E333-8FDC-42A3-9474-1A3956D46DE8}") = "Presentation", "Presentation", "{138B966B-8BBB-4633-8801-874C78294D08}"
EndProject
Project("{9A19103F-16F7-4668-BE54-9A1E7A4F7556}") = "EI.RP.UiFlows.Core", "EI.RP.UiFlows.Core\EI.RP.UiFlows.Core.csproj", "{5330DC40-7E87-4BA3-A514-7F6C68315F17}"
EndProject
Project("{9A19103F-16F7-4668-BE54-9A1E7A4F7556}") = "Ei.Rp.Mvc.Core", "Ei.Rp.Mvc.Core\Ei.Rp.Mvc.Core.csproj", "{2DD8744E-87E1-4141-9A8C-8E3A9D340B3A}"
EndProject
Project("{2150E333-8FDC-42A3-9474-1A3956D46DE8}") = "Implementations", "Implementations", "{E11EA49F-A3F4-463F-A32C-82E60FAFD014}"
EndProject
Project("{9A19103F-16F7-4668-BE54-9A1E7A4F7556}") = "EI.RP.SwitchApi.Clients", "EI.RP.SwitchApi.Clients\EI.RP.SwitchApi.Clients.csproj", "{37B0825E-83B2-4BBE-9755-739FB41E279A}"
	ProjectSection(ProjectDependencies) = postProject
		{4E33443C-3DE0-479B-AACA-276A5D6C99E9} = {4E33443C-3DE0-479B-AACA-276A5D6C99E9}
	EndProjectSection
EndProject
Project("{2150E333-8FDC-42A3-9474-1A3956D46DE8}") = "DevelopmentServices", "DevelopmentServices", "{08D95F78-E36D-46FD-999E-7964BC3FCF2B}"
EndProject
Project("{9A19103F-16F7-4668-BE54-9A1E7A4F7556}") = "EI.RP.TestServices", "EI.RP.TestServices\EI.RP.TestServices.csproj", "{E12AB10C-5B16-42C2-8144-F07C76822158}"
EndProject
Project("{9A19103F-16F7-4668-BE54-9A1E7A4F7556}") = "EI.RP.DomainServices.UnitTests", "EI.RP.DomainServices.UnitTests\EI.RP.DomainServices.UnitTests.csproj", "{B8196459-6262-4692-8875-70494AE40523}"
EndProject
Project("{FAE04EC0-301F-11D3-BF4B-00C04F79EFBC}") = "EI.RP.WebApp.TestAutomation", "EI.RP.WebApp.AcceptanceTests\EI.RP.WebApp.TestAutomation.csproj", "{C2206E14-20EB-4344-BB51-683A746B9C78}"
EndProject
Project("{2150E333-8FDC-42A3-9474-1A3956D46DE8}") = "UITestAutomation", "UITestAutomation", "{6BA9C647-734A-47D1-A7AF-394A7584FF79}"
EndProject
Project("{9A19103F-16F7-4668-BE54-9A1E7A4F7556}") = "Ei.Rp.DomainErrors", "Ei.Rp.DomainErrors\Ei.Rp.DomainErrors.csproj", "{4E33443C-3DE0-479B-AACA-276A5D6C99E9}"
EndProject
Project("{9A19103F-16F7-4668-BE54-9A1E7A4F7556}") = "EI.RP.CoreServices.OData.Client", "EI.RP.CoreServices.OData.Client\EI.RP.CoreServices.OData.Client.csproj", "{A8A0D348-1835-4EF9-9578-124780655D3E}"
EndProject
Project("{9A19103F-16F7-4668-BE54-9A1E7A4F7556}") = "EI.RP.DataModels", "EI.RP.DataModels\EI.RP.DataModels.csproj", "{407408F4-9609-478B-840D-F650955593D0}"
EndProject
Project("{9A19103F-16F7-4668-BE54-9A1E7A4F7556}") = "EI.RP.WebApp.UnitTests", "EI.RP.WebApp.UnitTests\EI.RP.WebApp.UnitTests.csproj", "{AB650EA5-2270-47CE-96D8-162B05FDF4FB}"
EndProject
Project("{9A19103F-16F7-4668-BE54-9A1E7A4F7556}") = "EI.RP.DataModels.UnitTests", "EI.RP.DataModels.UnitTests\EI.RP.DataModels.UnitTests.csproj", "{D974CF82-92EC-4C03-958D-C7033C0044C0}"
EndProject
Project("{9A19103F-16F7-4668-BE54-9A1E7A4F7556}") = "EI.RP.DomainServices.IntegrationTests", "EI.RP.DomainServices.IntegrationTests\EI.RP.DomainServices.IntegrationTests.csproj", "{B8D16485-0F81-454A-B93C-4A56BE09DD54}"
EndProject
Project("{9A19103F-16F7-4668-BE54-9A1E7A4F7556}") = "EI.RP.Stubs", "EI.RP.Stubs\EI.RP.Stubs.csproj", "{E3FE018C-A00A-40B2-8603-619FF69416D4}"
EndProject
Project("{9A19103F-16F7-4668-BE54-9A1E7A4F7556}") = "EI.RP.DataStore", "EI.RP.DataStore\EI.RP.DataStore.csproj", "{42170F5D-126E-4D42-A30A-D30047F0C8D0}"
EndProject
Project("{9A19103F-16F7-4668-BE54-9A1E7A4F7556}") = "EI.RP.DataServices.StreamServe.Clients", "EI.RP.DataServices.StreamServe.Clients\EI.RP.DataServices.StreamServe.Clients.csproj", "{703D1F17-56FD-4F5A-9E09-73664F93709B}"
EndProject
Project("{9A19103F-16F7-4668-BE54-9A1E7A4F7556}") = "EI.RP.DataStore.IntegrationTests", "EI.RP.DataStore.IntegrationTests\EI.RP.DataStore.IntegrationTests.csproj", "{958A3C7D-9894-46A7-ABF9-5452D3E351BC}"
EndProject
Project("{9A19103F-16F7-4668-BE54-9A1E7A4F7556}") = "EI.RP.WebApp.IntegrationTests", "EI.RP.WebApp.IntegrationTests\EI.RP.WebApp.IntegrationTests.csproj", "{235BB7DB-560F-4F38-BB8E-480C4713A2B9}"
EndProject
Project("{2150E333-8FDC-42A3-9474-1A3956D46DE8}") = "Tests", "Tests", "{BB879959-65B0-474F-8DC4-F908A9933AD2}"
EndProject
Project("{9A19103F-16F7-4668-BE54-9A1E7A4F7556}") = "EI.RP.DomainModels.SpecimenBuilders", "EI.RP.DomainModels.SpecimenBuilders\EI.RP.DomainModels.SpecimenBuilders.csproj", "{E16DDD5A-8418-4527-9944-CC435D2F9FFB}"
EndProject
Project("{2150E333-8FDC-42A3-9474-1A3956D46DE8}") = "Tests", "Tests", "{42734AF6-22B0-4350-A3A0-F0D165EE1147}"
EndProject
Project("{9A19103F-16F7-4668-BE54-9A1E7A4F7556}") = "EI.RP.UI.TestServices", "EI.RP.UI.TestServices\EI.RP.UI.TestServices.csproj", "{079FD889-510C-4BCB-BB33-016D8DA16212}"
EndProject
Project("{9A19103F-16F7-4668-BE54-9A1E7A4F7556}") = "EI.RP.CoreServices.UnitTests", "EI.RP.CoreServices.UnitTests\EI.RP.CoreServices.UnitTests.csproj", "{BA521C18-33E8-4E2F-9FBE-89153DDB3E2B}"
EndProject
Project("{2150E333-8FDC-42A3-9474-1A3956D46DE8}") = "Tests", "Tests", "{88CD0105-146F-4DF8-B141-F0C0ECF755DC}"
EndProject
Project("{2150E333-8FDC-42A3-9474-1A3956D46DE8}") = "Agnostic", "Agnostic", "{9EA45C01-8A0D-4011-8CF5-99CCB6F9C844}"
EndProject
Project("{2150E333-8FDC-42A3-9474-1A3956D46DE8}") = "PresentationServices", "PresentationServices", "{12D986CB-5184-4998-B28F-DD9D58937474}"
EndProject
Project("{9A19103F-16F7-4668-BE54-9A1E7A4F7556}") = "Ei.Rp.Web.DebugTools", "..\tools\NavigationPrototype\Ei.Rp.Web.DebugTools\Ei.Rp.Web.DebugTools.csproj", "{2D5CFA95-AFD6-42B7-B09E-3698B8AEB480}"
EndProject
Project("{2150E333-8FDC-42A3-9474-1A3956D46DE8}") = "Tests", "Tests", "{8F9773CB-36DB-416D-B13C-C38F4647276E}"
EndProject
Project("{9A19103F-16F7-4668-BE54-9A1E7A4F7556}") = "EI.RP.DataServices.SAP.Clients.IntegrationTests", "EI.RP.DataServices.SAP.Clients.IntegrationTests\EI.RP.DataServices.SAP.Clients.IntegrationTests.csproj", "{943C98A2-0971-44E7-AD16-954E55198613}"
EndProject
Project("{9A19103F-16F7-4668-BE54-9A1E7A4F7556}") = "EI.RP.UiFlows.Mvc", "EI.RP.UiFlows.Mvc\EI.RP.UiFlows.Mvc.csproj", "{54A1F344-9AF6-47A6-910E-42844C4B1AC9}"
EndProject
Project("{9A19103F-16F7-4668-BE54-9A1E7A4F7556}") = "EI.RP.CoreServices.Caching", "EI.RP.CoreServices.Caching\EI.RP.CoreServices.Caching.csproj", "{ED06101F-C50D-4AE1-9BDA-6AD20097DAAA}"
EndProject
Project("{2150E333-8FDC-42A3-9474-1A3956D46DE8}") = "Tools", "Tools", "{F6F8BF01-AF90-4F7A-B3AE-2A1ED3D0B838}"
EndProject
Project("{2150E333-8FDC-42A3-9474-1A3956D46DE8}") = "Tests", "Tests", "{F5A41B3F-E155-461F-921D-5B138ABABEBB}"
EndProject
Project("{9A19103F-16F7-4668-BE54-9A1E7A4F7556}") = "EI.RP.CoreServices.OData.Client.UnitTests", "EI.RP.CoreServices.OData.Client.UnitTests\EI.RP.CoreServices.OData.Client.UnitTests.csproj", "{71F3D498-F85F-46F8-B89C-B7ABFF28A25E}"
EndProject
Project("{9A19103F-16F7-4668-BE54-9A1E7A4F7556}") = "EI.RP.DataServices.SAP.Clients.UnitTests", "EI.RP.DataServices.SAP.Clients.UnitTests\EI.RP.DataServices.SAP.Clients.UnitTests.csproj", "{73F4B723-62B3-47AC-AA74-0B3E6FBC0CBB}"
EndProject
Project("{9A19103F-16F7-4668-BE54-9A1E7A4F7556}") = "EI.RP.CoreServices.Azure", "EI.RP.CoreServices.Azure\EI.RP.CoreServices.Azure.csproj", "{B499661D-7D16-44DA-9D36-3D2EF8482CF9}"
EndProject
Project("{9A19103F-16F7-4668-BE54-9A1E7A4F7556}") = "EI.RP.CoreServices.Azure.IntegrationTests", "EI.RP.CoreServices.Azure.IntegrationTests\EI.RP.CoreServices.Azure.IntegrationTests.csproj", "{EF78EA66-2257-4417-9B59-676DF234195F}"
EndProject
Project("{9A19103F-16F7-4668-BE54-9A1E7A4F7556}") = "ResidentialPortalCLI", "ResidentialPortalCLI\ResidentialPortalCLI.csproj", "{C18D28B0-A666-48C1-9C89-EDBC2C1C8B2C}"
EndProject
Project("{9A19103F-16F7-4668-BE54-9A1E7A4F7556}") = "EI.RP.SwitchApi.Clients.IntegrationTests", "EI.RP.SwitchApi.Clients.IntegrationTests\EI.RP.SwitchApi.Clients.IntegrationTests.csproj", "{D3DD4230-E42B-4AFB-BC53-859A79CDD5BF}"
EndProject
Project("{9A19103F-16F7-4668-BE54-9A1E7A4F7556}") = "EI.RP.CoreServices.Caching.IntegrationTests", "EI.RP.CoreServices.Caching.IntegrationTests\EI.RP.CoreServices.Caching.IntegrationTests.csproj", "{1EC0A000-10FF-4FF3-87D9-151BF539C6D7}"
EndProject
Project("{2150E333-8FDC-42A3-9474-1A3956D46DE8}") = "Common", "Common", "{3E4310E2-F731-4144-A281-0B511100FEE2}"
	ProjectSection(SolutionItems) = preProject
		CommonCompilerExtensions.cs = CommonCompilerExtensions.cs
	EndProjectSection
EndProject
Project("{2150E333-8FDC-42A3-9474-1A3956D46DE8}") = "CoreServices", "CoreServices", "{150336F2-7D2D-42EC-B18D-DBD8744E1CD9}"
EndProject
Global
	GlobalSection(SolutionConfigurationPlatforms) = preSolution
		Debug|Any CPU = Debug|Any CPU
		FrameworkDevelopment|Any CPU = FrameworkDevelopment|Any CPU
		Release|Any CPU = Release|Any CPU
	EndGlobalSection
	GlobalSection(ProjectConfigurationPlatforms) = postSolution
		{6834A57E-5F3D-4805-8BBA-076DDA10E524}.Debug|Any CPU.ActiveCfg = Debug|Any CPU
		{6834A57E-5F3D-4805-8BBA-076DDA10E524}.Debug|Any CPU.Build.0 = Debug|Any CPU
		{6834A57E-5F3D-4805-8BBA-076DDA10E524}.FrameworkDevelopment|Any CPU.ActiveCfg = FrameworkDevelopment|Any CPU
		{6834A57E-5F3D-4805-8BBA-076DDA10E524}.FrameworkDevelopment|Any CPU.Build.0 = FrameworkDevelopment|Any CPU
		{6834A57E-5F3D-4805-8BBA-076DDA10E524}.Release|Any CPU.ActiveCfg = Release|Any CPU
		{6834A57E-5F3D-4805-8BBA-076DDA10E524}.Release|Any CPU.Build.0 = Release|Any CPU
		{41C6666E-B075-452F-8DAC-38DC8DB68D5A}.Debug|Any CPU.ActiveCfg = Debug|Any CPU
		{41C6666E-B075-452F-8DAC-38DC8DB68D5A}.Debug|Any CPU.Build.0 = Debug|Any CPU
		{41C6666E-B075-452F-8DAC-38DC8DB68D5A}.FrameworkDevelopment|Any CPU.ActiveCfg = FrameworkDevelopment|Any CPU
		{41C6666E-B075-452F-8DAC-38DC8DB68D5A}.FrameworkDevelopment|Any CPU.Build.0 = FrameworkDevelopment|Any CPU
		{41C6666E-B075-452F-8DAC-38DC8DB68D5A}.Release|Any CPU.ActiveCfg = Release|Any CPU
		{41C6666E-B075-452F-8DAC-38DC8DB68D5A}.Release|Any CPU.Build.0 = Release|Any CPU
		{B8BE9085-F7C5-461E-B226-CFEBBC46CCF4}.Debug|Any CPU.ActiveCfg = Debug|Any CPU
		{B8BE9085-F7C5-461E-B226-CFEBBC46CCF4}.Debug|Any CPU.Build.0 = Debug|Any CPU
		{B8BE9085-F7C5-461E-B226-CFEBBC46CCF4}.FrameworkDevelopment|Any CPU.ActiveCfg = FrameworkDevelopment|Any CPU
		{B8BE9085-F7C5-461E-B226-CFEBBC46CCF4}.FrameworkDevelopment|Any CPU.Build.0 = FrameworkDevelopment|Any CPU
		{B8BE9085-F7C5-461E-B226-CFEBBC46CCF4}.Release|Any CPU.ActiveCfg = Release|Any CPU
		{B8BE9085-F7C5-461E-B226-CFEBBC46CCF4}.Release|Any CPU.Build.0 = Release|Any CPU
		{D419B3BD-CA30-4EBF-A689-54FBE6614D57}.Debug|Any CPU.ActiveCfg = Debug|Any CPU
		{D419B3BD-CA30-4EBF-A689-54FBE6614D57}.Debug|Any CPU.Build.0 = Debug|Any CPU
		{D419B3BD-CA30-4EBF-A689-54FBE6614D57}.FrameworkDevelopment|Any CPU.ActiveCfg = FrameworkDevelopment|Any CPU
		{D419B3BD-CA30-4EBF-A689-54FBE6614D57}.FrameworkDevelopment|Any CPU.Build.0 = FrameworkDevelopment|Any CPU
		{D419B3BD-CA30-4EBF-A689-54FBE6614D57}.Release|Any CPU.ActiveCfg = Release|Any CPU
		{D419B3BD-CA30-4EBF-A689-54FBE6614D57}.Release|Any CPU.Build.0 = Release|Any CPU
		{4A666AB1-813E-456D-A8BD-5548A25F2EB9}.Debug|Any CPU.ActiveCfg = Debug|Any CPU
		{4A666AB1-813E-456D-A8BD-5548A25F2EB9}.Debug|Any CPU.Build.0 = Debug|Any CPU
		{4A666AB1-813E-456D-A8BD-5548A25F2EB9}.FrameworkDevelopment|Any CPU.ActiveCfg = FrameworkDevelopment|Any CPU
		{4A666AB1-813E-456D-A8BD-5548A25F2EB9}.FrameworkDevelopment|Any CPU.Build.0 = FrameworkDevelopment|Any CPU
		{4A666AB1-813E-456D-A8BD-5548A25F2EB9}.Release|Any CPU.ActiveCfg = Release|Any CPU
		{4A666AB1-813E-456D-A8BD-5548A25F2EB9}.Release|Any CPU.Build.0 = Release|Any CPU
		{2CE46E6A-35F1-4DE9-8DB2-6C5CDC78B143}.Debug|Any CPU.ActiveCfg = Debug|Any CPU
		{2CE46E6A-35F1-4DE9-8DB2-6C5CDC78B143}.Debug|Any CPU.Build.0 = Debug|Any CPU
		{2CE46E6A-35F1-4DE9-8DB2-6C5CDC78B143}.FrameworkDevelopment|Any CPU.ActiveCfg = FrameworkDevelopment|Any CPU
		{2CE46E6A-35F1-4DE9-8DB2-6C5CDC78B143}.FrameworkDevelopment|Any CPU.Build.0 = FrameworkDevelopment|Any CPU
		{2CE46E6A-35F1-4DE9-8DB2-6C5CDC78B143}.Release|Any CPU.ActiveCfg = Release|Any CPU
		{2CE46E6A-35F1-4DE9-8DB2-6C5CDC78B143}.Release|Any CPU.Build.0 = Release|Any CPU
		{EB2E4160-348C-4885-A81F-93664C1CE380}.Debug|Any CPU.ActiveCfg = Debug|Any CPU
		{EB2E4160-348C-4885-A81F-93664C1CE380}.Debug|Any CPU.Build.0 = Debug|Any CPU
		{EB2E4160-348C-4885-A81F-93664C1CE380}.FrameworkDevelopment|Any CPU.ActiveCfg = FrameworkDevelopment|Any CPU
		{EB2E4160-348C-4885-A81F-93664C1CE380}.FrameworkDevelopment|Any CPU.Build.0 = FrameworkDevelopment|Any CPU
		{EB2E4160-348C-4885-A81F-93664C1CE380}.Release|Any CPU.ActiveCfg = Release|Any CPU
		{EB2E4160-348C-4885-A81F-93664C1CE380}.Release|Any CPU.Build.0 = Release|Any CPU
		{763F37A5-5DFA-4332-86A6-B01F46C0EE5B}.Debug|Any CPU.ActiveCfg = Debug|Any CPU
		{763F37A5-5DFA-4332-86A6-B01F46C0EE5B}.Debug|Any CPU.Build.0 = Debug|Any CPU
		{763F37A5-5DFA-4332-86A6-B01F46C0EE5B}.FrameworkDevelopment|Any CPU.ActiveCfg = FrameworkDevelopment|Any CPU
		{763F37A5-5DFA-4332-86A6-B01F46C0EE5B}.FrameworkDevelopment|Any CPU.Build.0 = FrameworkDevelopment|Any CPU
		{763F37A5-5DFA-4332-86A6-B01F46C0EE5B}.Release|Any CPU.ActiveCfg = Release|Any CPU
		{763F37A5-5DFA-4332-86A6-B01F46C0EE5B}.Release|Any CPU.Build.0 = Release|Any CPU
		{5330DC40-7E87-4BA3-A514-7F6C68315F17}.Debug|Any CPU.ActiveCfg = Debug|Any CPU
		{5330DC40-7E87-4BA3-A514-7F6C68315F17}.Debug|Any CPU.Build.0 = Debug|Any CPU
		{5330DC40-7E87-4BA3-A514-7F6C68315F17}.FrameworkDevelopment|Any CPU.ActiveCfg = FrameworkDevelopment|Any CPU
		{5330DC40-7E87-4BA3-A514-7F6C68315F17}.FrameworkDevelopment|Any CPU.Build.0 = FrameworkDevelopment|Any CPU
		{5330DC40-7E87-4BA3-A514-7F6C68315F17}.Release|Any CPU.ActiveCfg = Release|Any CPU
		{5330DC40-7E87-4BA3-A514-7F6C68315F17}.Release|Any CPU.Build.0 = Release|Any CPU
		{2DD8744E-87E1-4141-9A8C-8E3A9D340B3A}.Debug|Any CPU.ActiveCfg = Debug|Any CPU
		{2DD8744E-87E1-4141-9A8C-8E3A9D340B3A}.Debug|Any CPU.Build.0 = Debug|Any CPU
		{2DD8744E-87E1-4141-9A8C-8E3A9D340B3A}.FrameworkDevelopment|Any CPU.ActiveCfg = FrameworkDevelopment|Any CPU
		{2DD8744E-87E1-4141-9A8C-8E3A9D340B3A}.FrameworkDevelopment|Any CPU.Build.0 = FrameworkDevelopment|Any CPU
		{2DD8744E-87E1-4141-9A8C-8E3A9D340B3A}.Release|Any CPU.ActiveCfg = Release|Any CPU
		{2DD8744E-87E1-4141-9A8C-8E3A9D340B3A}.Release|Any CPU.Build.0 = Release|Any CPU
		{37B0825E-83B2-4BBE-9755-739FB41E279A}.Debug|Any CPU.ActiveCfg = Debug|Any CPU
		{37B0825E-83B2-4BBE-9755-739FB41E279A}.Debug|Any CPU.Build.0 = Debug|Any CPU
		{37B0825E-83B2-4BBE-9755-739FB41E279A}.FrameworkDevelopment|Any CPU.ActiveCfg = FrameworkDevelopment|Any CPU
		{37B0825E-83B2-4BBE-9755-739FB41E279A}.FrameworkDevelopment|Any CPU.Build.0 = FrameworkDevelopment|Any CPU
		{37B0825E-83B2-4BBE-9755-739FB41E279A}.Release|Any CPU.ActiveCfg = Release|Any CPU
		{37B0825E-83B2-4BBE-9755-739FB41E279A}.Release|Any CPU.Build.0 = Release|Any CPU
		{E12AB10C-5B16-42C2-8144-F07C76822158}.Debug|Any CPU.ActiveCfg = Debug|Any CPU
		{E12AB10C-5B16-42C2-8144-F07C76822158}.Debug|Any CPU.Build.0 = Debug|Any CPU
		{E12AB10C-5B16-42C2-8144-F07C76822158}.FrameworkDevelopment|Any CPU.ActiveCfg = FrameworkDevelopment|Any CPU
		{E12AB10C-5B16-42C2-8144-F07C76822158}.FrameworkDevelopment|Any CPU.Build.0 = FrameworkDevelopment|Any CPU
		{E12AB10C-5B16-42C2-8144-F07C76822158}.Release|Any CPU.ActiveCfg = Release|Any CPU
		{E12AB10C-5B16-42C2-8144-F07C76822158}.Release|Any CPU.Build.0 = Release|Any CPU
		{B8196459-6262-4692-8875-70494AE40523}.Debug|Any CPU.ActiveCfg = Debug|Any CPU
		{B8196459-6262-4692-8875-70494AE40523}.Debug|Any CPU.Build.0 = Debug|Any CPU
		{B8196459-6262-4692-8875-70494AE40523}.FrameworkDevelopment|Any CPU.ActiveCfg = FrameworkDevelopment|Any CPU
		{B8196459-6262-4692-8875-70494AE40523}.FrameworkDevelopment|Any CPU.Build.0 = FrameworkDevelopment|Any CPU
		{B8196459-6262-4692-8875-70494AE40523}.Release|Any CPU.ActiveCfg = Release|Any CPU
		{B8196459-6262-4692-8875-70494AE40523}.Release|Any CPU.Build.0 = Release|Any CPU
		{C2206E14-20EB-4344-BB51-683A746B9C78}.Debug|Any CPU.ActiveCfg = Debug|Any CPU
		{C2206E14-20EB-4344-BB51-683A746B9C78}.Debug|Any CPU.Build.0 = Debug|Any CPU
		{C2206E14-20EB-4344-BB51-683A746B9C78}.FrameworkDevelopment|Any CPU.ActiveCfg = Debug|Any CPU
		{C2206E14-20EB-4344-BB51-683A746B9C78}.Release|Any CPU.ActiveCfg = Release|Any CPU
		{C2206E14-20EB-4344-BB51-683A746B9C78}.Release|Any CPU.Build.0 = Release|Any CPU
		{4E33443C-3DE0-479B-AACA-276A5D6C99E9}.Debug|Any CPU.ActiveCfg = Debug|Any CPU
		{4E33443C-3DE0-479B-AACA-276A5D6C99E9}.Debug|Any CPU.Build.0 = Debug|Any CPU
		{4E33443C-3DE0-479B-AACA-276A5D6C99E9}.FrameworkDevelopment|Any CPU.ActiveCfg = FrameworkDevelopment|Any CPU
		{4E33443C-3DE0-479B-AACA-276A5D6C99E9}.FrameworkDevelopment|Any CPU.Build.0 = FrameworkDevelopment|Any CPU
		{4E33443C-3DE0-479B-AACA-276A5D6C99E9}.Release|Any CPU.ActiveCfg = Release|Any CPU
		{4E33443C-3DE0-479B-AACA-276A5D6C99E9}.Release|Any CPU.Build.0 = Release|Any CPU
		{A8A0D348-1835-4EF9-9578-124780655D3E}.Debug|Any CPU.ActiveCfg = Debug|Any CPU
		{A8A0D348-1835-4EF9-9578-124780655D3E}.Debug|Any CPU.Build.0 = Debug|Any CPU
		{A8A0D348-1835-4EF9-9578-124780655D3E}.FrameworkDevelopment|Any CPU.ActiveCfg = FrameworkDevelopment|Any CPU
		{A8A0D348-1835-4EF9-9578-124780655D3E}.FrameworkDevelopment|Any CPU.Build.0 = FrameworkDevelopment|Any CPU
		{A8A0D348-1835-4EF9-9578-124780655D3E}.Release|Any CPU.ActiveCfg = Release|Any CPU
		{A8A0D348-1835-4EF9-9578-124780655D3E}.Release|Any CPU.Build.0 = Release|Any CPU
		{407408F4-9609-478B-840D-F650955593D0}.Debug|Any CPU.ActiveCfg = Debug|Any CPU
		{407408F4-9609-478B-840D-F650955593D0}.Debug|Any CPU.Build.0 = Debug|Any CPU
		{407408F4-9609-478B-840D-F650955593D0}.FrameworkDevelopment|Any CPU.ActiveCfg = FrameworkDevelopment|Any CPU
		{407408F4-9609-478B-840D-F650955593D0}.FrameworkDevelopment|Any CPU.Build.0 = FrameworkDevelopment|Any CPU
		{407408F4-9609-478B-840D-F650955593D0}.Release|Any CPU.ActiveCfg = Release|Any CPU
		{407408F4-9609-478B-840D-F650955593D0}.Release|Any CPU.Build.0 = Release|Any CPU
		{AB650EA5-2270-47CE-96D8-162B05FDF4FB}.Debug|Any CPU.ActiveCfg = Debug|Any CPU
		{AB650EA5-2270-47CE-96D8-162B05FDF4FB}.Debug|Any CPU.Build.0 = Debug|Any CPU
		{AB650EA5-2270-47CE-96D8-162B05FDF4FB}.FrameworkDevelopment|Any CPU.ActiveCfg = FrameworkDevelopment|Any CPU
		{AB650EA5-2270-47CE-96D8-162B05FDF4FB}.FrameworkDevelopment|Any CPU.Build.0 = FrameworkDevelopment|Any CPU
		{AB650EA5-2270-47CE-96D8-162B05FDF4FB}.Release|Any CPU.ActiveCfg = Release|Any CPU
		{AB650EA5-2270-47CE-96D8-162B05FDF4FB}.Release|Any CPU.Build.0 = Release|Any CPU
		{D974CF82-92EC-4C03-958D-C7033C0044C0}.Debug|Any CPU.ActiveCfg = Debug|Any CPU
		{D974CF82-92EC-4C03-958D-C7033C0044C0}.Debug|Any CPU.Build.0 = Debug|Any CPU
		{D974CF82-92EC-4C03-958D-C7033C0044C0}.FrameworkDevelopment|Any CPU.ActiveCfg = FrameworkDevelopment|Any CPU
		{D974CF82-92EC-4C03-958D-C7033C0044C0}.FrameworkDevelopment|Any CPU.Build.0 = FrameworkDevelopment|Any CPU
		{D974CF82-92EC-4C03-958D-C7033C0044C0}.Release|Any CPU.ActiveCfg = Release|Any CPU
		{D974CF82-92EC-4C03-958D-C7033C0044C0}.Release|Any CPU.Build.0 = Release|Any CPU
		{B8D16485-0F81-454A-B93C-4A56BE09DD54}.Debug|Any CPU.ActiveCfg = Debug|Any CPU
		{B8D16485-0F81-454A-B93C-4A56BE09DD54}.Debug|Any CPU.Build.0 = Debug|Any CPU
		{B8D16485-0F81-454A-B93C-4A56BE09DD54}.FrameworkDevelopment|Any CPU.ActiveCfg = FrameworkDevelopment|Any CPU
		{B8D16485-0F81-454A-B93C-4A56BE09DD54}.FrameworkDevelopment|Any CPU.Build.0 = FrameworkDevelopment|Any CPU
		{B8D16485-0F81-454A-B93C-4A56BE09DD54}.Release|Any CPU.ActiveCfg = Release|Any CPU
		{B8D16485-0F81-454A-B93C-4A56BE09DD54}.Release|Any CPU.Build.0 = Release|Any CPU
		{E3FE018C-A00A-40B2-8603-619FF69416D4}.Debug|Any CPU.ActiveCfg = Debug|Any CPU
		{E3FE018C-A00A-40B2-8603-619FF69416D4}.Debug|Any CPU.Build.0 = Debug|Any CPU
		{E3FE018C-A00A-40B2-8603-619FF69416D4}.FrameworkDevelopment|Any CPU.ActiveCfg = FrameworkDevelopment|Any CPU
		{E3FE018C-A00A-40B2-8603-619FF69416D4}.FrameworkDevelopment|Any CPU.Build.0 = FrameworkDevelopment|Any CPU
		{E3FE018C-A00A-40B2-8603-619FF69416D4}.Release|Any CPU.ActiveCfg = Release|Any CPU
		{E3FE018C-A00A-40B2-8603-619FF69416D4}.Release|Any CPU.Build.0 = Release|Any CPU
		{42170F5D-126E-4D42-A30A-D30047F0C8D0}.Debug|Any CPU.ActiveCfg = Debug|Any CPU
		{42170F5D-126E-4D42-A30A-D30047F0C8D0}.Debug|Any CPU.Build.0 = Debug|Any CPU
		{42170F5D-126E-4D42-A30A-D30047F0C8D0}.FrameworkDevelopment|Any CPU.ActiveCfg = FrameworkDevelopment|Any CPU
		{42170F5D-126E-4D42-A30A-D30047F0C8D0}.FrameworkDevelopment|Any CPU.Build.0 = FrameworkDevelopment|Any CPU
		{42170F5D-126E-4D42-A30A-D30047F0C8D0}.Release|Any CPU.ActiveCfg = Release|Any CPU
		{42170F5D-126E-4D42-A30A-D30047F0C8D0}.Release|Any CPU.Build.0 = Release|Any CPU
		{703D1F17-56FD-4F5A-9E09-73664F93709B}.Debug|Any CPU.ActiveCfg = Debug|Any CPU
		{703D1F17-56FD-4F5A-9E09-73664F93709B}.Debug|Any CPU.Build.0 = Debug|Any CPU
		{703D1F17-56FD-4F5A-9E09-73664F93709B}.FrameworkDevelopment|Any CPU.ActiveCfg = FrameworkDevelopment|Any CPU
		{703D1F17-56FD-4F5A-9E09-73664F93709B}.FrameworkDevelopment|Any CPU.Build.0 = FrameworkDevelopment|Any CPU
		{703D1F17-56FD-4F5A-9E09-73664F93709B}.Release|Any CPU.ActiveCfg = Release|Any CPU
		{703D1F17-56FD-4F5A-9E09-73664F93709B}.Release|Any CPU.Build.0 = Release|Any CPU
		{958A3C7D-9894-46A7-ABF9-5452D3E351BC}.Debug|Any CPU.ActiveCfg = Debug|Any CPU
		{958A3C7D-9894-46A7-ABF9-5452D3E351BC}.Debug|Any CPU.Build.0 = Debug|Any CPU
		{958A3C7D-9894-46A7-ABF9-5452D3E351BC}.FrameworkDevelopment|Any CPU.ActiveCfg = FrameworkDevelopment|Any CPU
		{958A3C7D-9894-46A7-ABF9-5452D3E351BC}.FrameworkDevelopment|Any CPU.Build.0 = FrameworkDevelopment|Any CPU
		{958A3C7D-9894-46A7-ABF9-5452D3E351BC}.Release|Any CPU.ActiveCfg = Release|Any CPU
		{958A3C7D-9894-46A7-ABF9-5452D3E351BC}.Release|Any CPU.Build.0 = Release|Any CPU
		{235BB7DB-560F-4F38-BB8E-480C4713A2B9}.Debug|Any CPU.ActiveCfg = Debug|Any CPU
		{235BB7DB-560F-4F38-BB8E-480C4713A2B9}.Debug|Any CPU.Build.0 = Debug|Any CPU
		{235BB7DB-560F-4F38-BB8E-480C4713A2B9}.FrameworkDevelopment|Any CPU.ActiveCfg = Debug|Any CPU
		{235BB7DB-560F-4F38-BB8E-480C4713A2B9}.FrameworkDevelopment|Any CPU.Build.0 = Debug|Any CPU
		{235BB7DB-560F-4F38-BB8E-480C4713A2B9}.Release|Any CPU.ActiveCfg = Release|Any CPU
		{235BB7DB-560F-4F38-BB8E-480C4713A2B9}.Release|Any CPU.Build.0 = Release|Any CPU
		{E16DDD5A-8418-4527-9944-CC435D2F9FFB}.Debug|Any CPU.ActiveCfg = Debug|Any CPU
		{E16DDD5A-8418-4527-9944-CC435D2F9FFB}.Debug|Any CPU.Build.0 = Debug|Any CPU
		{E16DDD5A-8418-4527-9944-CC435D2F9FFB}.FrameworkDevelopment|Any CPU.ActiveCfg = FrameworkDevelopment|Any CPU
		{E16DDD5A-8418-4527-9944-CC435D2F9FFB}.FrameworkDevelopment|Any CPU.Build.0 = FrameworkDevelopment|Any CPU
		{E16DDD5A-8418-4527-9944-CC435D2F9FFB}.Release|Any CPU.ActiveCfg = Release|Any CPU
		{E16DDD5A-8418-4527-9944-CC435D2F9FFB}.Release|Any CPU.Build.0 = Release|Any CPU
		{079FD889-510C-4BCB-BB33-016D8DA16212}.Debug|Any CPU.ActiveCfg = Debug|Any CPU
		{079FD889-510C-4BCB-BB33-016D8DA16212}.Debug|Any CPU.Build.0 = Debug|Any CPU
		{079FD889-510C-4BCB-BB33-016D8DA16212}.FrameworkDevelopment|Any CPU.ActiveCfg = Debug|Any CPU
		{079FD889-510C-4BCB-BB33-016D8DA16212}.FrameworkDevelopment|Any CPU.Build.0 = Debug|Any CPU
		{079FD889-510C-4BCB-BB33-016D8DA16212}.Release|Any CPU.ActiveCfg = Release|Any CPU
		{079FD889-510C-4BCB-BB33-016D8DA16212}.Release|Any CPU.Build.0 = Release|Any CPU
		{BA521C18-33E8-4E2F-9FBE-89153DDB3E2B}.Debug|Any CPU.ActiveCfg = Debug|Any CPU
		{BA521C18-33E8-4E2F-9FBE-89153DDB3E2B}.Debug|Any CPU.Build.0 = Debug|Any CPU
		{BA521C18-33E8-4E2F-9FBE-89153DDB3E2B}.FrameworkDevelopment|Any CPU.ActiveCfg = FrameworkDevelopment|Any CPU
		{BA521C18-33E8-4E2F-9FBE-89153DDB3E2B}.FrameworkDevelopment|Any CPU.Build.0 = FrameworkDevelopment|Any CPU
		{BA521C18-33E8-4E2F-9FBE-89153DDB3E2B}.Release|Any CPU.ActiveCfg = Release|Any CPU
		{BA521C18-33E8-4E2F-9FBE-89153DDB3E2B}.Release|Any CPU.Build.0 = Release|Any CPU
		{2D5CFA95-AFD6-42B7-B09E-3698B8AEB480}.Debug|Any CPU.ActiveCfg = Debug|Any CPU
		{2D5CFA95-AFD6-42B7-B09E-3698B8AEB480}.Debug|Any CPU.Build.0 = Debug|Any CPU
		{2D5CFA95-AFD6-42B7-B09E-3698B8AEB480}.FrameworkDevelopment|Any CPU.ActiveCfg = Debug|Any CPU
		{2D5CFA95-AFD6-42B7-B09E-3698B8AEB480}.FrameworkDevelopment|Any CPU.Build.0 = Debug|Any CPU
		{2D5CFA95-AFD6-42B7-B09E-3698B8AEB480}.Release|Any CPU.ActiveCfg = Release|Any CPU
		{2D5CFA95-AFD6-42B7-B09E-3698B8AEB480}.Release|Any CPU.Build.0 = Release|Any CPU
		{943C98A2-0971-44E7-AD16-954E55198613}.Debug|Any CPU.ActiveCfg = Debug|Any CPU
		{943C98A2-0971-44E7-AD16-954E55198613}.Debug|Any CPU.Build.0 = Debug|Any CPU
		{943C98A2-0971-44E7-AD16-954E55198613}.FrameworkDevelopment|Any CPU.ActiveCfg = FrameworkDevelopment|Any CPU
		{943C98A2-0971-44E7-AD16-954E55198613}.FrameworkDevelopment|Any CPU.Build.0 = FrameworkDevelopment|Any CPU
		{943C98A2-0971-44E7-AD16-954E55198613}.Release|Any CPU.ActiveCfg = Release|Any CPU
		{943C98A2-0971-44E7-AD16-954E55198613}.Release|Any CPU.Build.0 = Release|Any CPU
		{54A1F344-9AF6-47A6-910E-42844C4B1AC9}.Debug|Any CPU.ActiveCfg = Debug|Any CPU
		{54A1F344-9AF6-47A6-910E-42844C4B1AC9}.Debug|Any CPU.Build.0 = Debug|Any CPU
		{54A1F344-9AF6-47A6-910E-42844C4B1AC9}.FrameworkDevelopment|Any CPU.ActiveCfg = FrameworkDevelopment|Any CPU
		{54A1F344-9AF6-47A6-910E-42844C4B1AC9}.FrameworkDevelopment|Any CPU.Build.0 = FrameworkDevelopment|Any CPU
		{54A1F344-9AF6-47A6-910E-42844C4B1AC9}.Release|Any CPU.ActiveCfg = Release|Any CPU
		{54A1F344-9AF6-47A6-910E-42844C4B1AC9}.Release|Any CPU.Build.0 = Release|Any CPU
		{ED06101F-C50D-4AE1-9BDA-6AD20097DAAA}.Debug|Any CPU.ActiveCfg = Debug|Any CPU
		{ED06101F-C50D-4AE1-9BDA-6AD20097DAAA}.Debug|Any CPU.Build.0 = Debug|Any CPU
		{ED06101F-C50D-4AE1-9BDA-6AD20097DAAA}.FrameworkDevelopment|Any CPU.ActiveCfg = FrameworkDevelopment|Any CPU
		{ED06101F-C50D-4AE1-9BDA-6AD20097DAAA}.FrameworkDevelopment|Any CPU.Build.0 = FrameworkDevelopment|Any CPU
		{ED06101F-C50D-4AE1-9BDA-6AD20097DAAA}.Release|Any CPU.ActiveCfg = Release|Any CPU
		{ED06101F-C50D-4AE1-9BDA-6AD20097DAAA}.Release|Any CPU.Build.0 = Release|Any CPU
		{71F3D498-F85F-46F8-B89C-B7ABFF28A25E}.Debug|Any CPU.ActiveCfg = Debug|Any CPU
		{71F3D498-F85F-46F8-B89C-B7ABFF28A25E}.Debug|Any CPU.Build.0 = Debug|Any CPU
		{71F3D498-F85F-46F8-B89C-B7ABFF28A25E}.FrameworkDevelopment|Any CPU.ActiveCfg = FrameworkDevelopment|Any CPU
		{71F3D498-F85F-46F8-B89C-B7ABFF28A25E}.FrameworkDevelopment|Any CPU.Build.0 = FrameworkDevelopment|Any CPU
		{71F3D498-F85F-46F8-B89C-B7ABFF28A25E}.Release|Any CPU.ActiveCfg = Release|Any CPU
		{71F3D498-F85F-46F8-B89C-B7ABFF28A25E}.Release|Any CPU.Build.0 = Release|Any CPU
		{73F4B723-62B3-47AC-AA74-0B3E6FBC0CBB}.Debug|Any CPU.ActiveCfg = Debug|Any CPU
		{73F4B723-62B3-47AC-AA74-0B3E6FBC0CBB}.Debug|Any CPU.Build.0 = Debug|Any CPU
		{73F4B723-62B3-47AC-AA74-0B3E6FBC0CBB}.FrameworkDevelopment|Any CPU.ActiveCfg = FrameworkDevelopment|Any CPU
		{73F4B723-62B3-47AC-AA74-0B3E6FBC0CBB}.FrameworkDevelopment|Any CPU.Build.0 = FrameworkDevelopment|Any CPU
		{73F4B723-62B3-47AC-AA74-0B3E6FBC0CBB}.Release|Any CPU.ActiveCfg = Release|Any CPU
		{73F4B723-62B3-47AC-AA74-0B3E6FBC0CBB}.Release|Any CPU.Build.0 = Release|Any CPU
		{B499661D-7D16-44DA-9D36-3D2EF8482CF9}.Debug|Any CPU.ActiveCfg = Debug|Any CPU
		{B499661D-7D16-44DA-9D36-3D2EF8482CF9}.Debug|Any CPU.Build.0 = Debug|Any CPU
		{B499661D-7D16-44DA-9D36-3D2EF8482CF9}.FrameworkDevelopment|Any CPU.ActiveCfg = FrameworkDevelopment|Any CPU
		{B499661D-7D16-44DA-9D36-3D2EF8482CF9}.FrameworkDevelopment|Any CPU.Build.0 = FrameworkDevelopment|Any CPU
		{B499661D-7D16-44DA-9D36-3D2EF8482CF9}.Release|Any CPU.ActiveCfg = Release|Any CPU
		{B499661D-7D16-44DA-9D36-3D2EF8482CF9}.Release|Any CPU.Build.0 = Release|Any CPU
		{EF78EA66-2257-4417-9B59-676DF234195F}.Debug|Any CPU.ActiveCfg = Debug|Any CPU
		{EF78EA66-2257-4417-9B59-676DF234195F}.Debug|Any CPU.Build.0 = Debug|Any CPU
		{EF78EA66-2257-4417-9B59-676DF234195F}.FrameworkDevelopment|Any CPU.ActiveCfg = Debug|Any CPU
		{EF78EA66-2257-4417-9B59-676DF234195F}.FrameworkDevelopment|Any CPU.Build.0 = Debug|Any CPU
		{EF78EA66-2257-4417-9B59-676DF234195F}.Release|Any CPU.ActiveCfg = Release|Any CPU
		{EF78EA66-2257-4417-9B59-676DF234195F}.Release|Any CPU.Build.0 = Release|Any CPU
		{C18D28B0-A666-48C1-9C89-EDBC2C1C8B2C}.Debug|Any CPU.ActiveCfg = Debug|Any CPU
		{C18D28B0-A666-48C1-9C89-EDBC2C1C8B2C}.Debug|Any CPU.Build.0 = Debug|Any CPU
		{C18D28B0-A666-48C1-9C89-EDBC2C1C8B2C}.FrameworkDevelopment|Any CPU.ActiveCfg = Debug|Any CPU
		{C18D28B0-A666-48C1-9C89-EDBC2C1C8B2C}.FrameworkDevelopment|Any CPU.Build.0 = Debug|Any CPU
		{C18D28B0-A666-48C1-9C89-EDBC2C1C8B2C}.Release|Any CPU.ActiveCfg = Release|Any CPU
		{C18D28B0-A666-48C1-9C89-EDBC2C1C8B2C}.Release|Any CPU.Build.0 = Release|Any CPU
		{D3DD4230-E42B-4AFB-BC53-859A79CDD5BF}.Debug|Any CPU.ActiveCfg = Debug|Any CPU
		{D3DD4230-E42B-4AFB-BC53-859A79CDD5BF}.Debug|Any CPU.Build.0 = Debug|Any CPU
		{D3DD4230-E42B-4AFB-BC53-859A79CDD5BF}.FrameworkDevelopment|Any CPU.ActiveCfg = FrameworkDevelopment|Any CPU
		{D3DD4230-E42B-4AFB-BC53-859A79CDD5BF}.FrameworkDevelopment|Any CPU.Build.0 = FrameworkDevelopment|Any CPU
		{D3DD4230-E42B-4AFB-BC53-859A79CDD5BF}.Release|Any CPU.ActiveCfg = Release|Any CPU
		{D3DD4230-E42B-4AFB-BC53-859A79CDD5BF}.Release|Any CPU.Build.0 = Release|Any CPU
		{1EC0A000-10FF-4FF3-87D9-151BF539C6D7}.Debug|Any CPU.ActiveCfg = Debug|Any CPU
		{1EC0A000-10FF-4FF3-87D9-151BF539C6D7}.Debug|Any CPU.Build.0 = Debug|Any CPU
		{1EC0A000-10FF-4FF3-87D9-151BF539C6D7}.FrameworkDevelopment|Any CPU.ActiveCfg = Debug|Any CPU
		{1EC0A000-10FF-4FF3-87D9-151BF539C6D7}.FrameworkDevelopment|Any CPU.Build.0 = Debug|Any CPU
		{1EC0A000-10FF-4FF3-87D9-151BF539C6D7}.Release|Any CPU.ActiveCfg = Release|Any CPU
		{1EC0A000-10FF-4FF3-87D9-151BF539C6D7}.Release|Any CPU.Build.0 = Release|Any CPU
	EndGlobalSection
	GlobalSection(SolutionProperties) = preSolution
		HideSolutionNode = FALSE
	EndGlobalSection
	GlobalSection(NestedProjects) = preSolution
		{6834A57E-5F3D-4805-8BBA-076DDA10E524} = {138B966B-8BBB-4633-8801-874C78294D08}
		{41C6666E-B075-452F-8DAC-38DC8DB68D5A} = {83C01BC0-6C4A-4344-BCA5-57054FEF7040}
		{B8BE9085-F7C5-461E-B226-CFEBBC46CCF4} = {B9439CC1-BB38-4801-8C31-F32B221E5FF9}
		{B9439CC1-BB38-4801-8C31-F32B221E5FF9} = {DDDDB3CE-A7AB-4370-BAB3-AEA6844EB54D}
		{D419B3BD-CA30-4EBF-A689-54FBE6614D57} = {D9359109-C3BF-4D29-8261-0E6F41C4C7A7}
		{D9359109-C3BF-4D29-8261-0E6F41C4C7A7} = {9EA45C01-8A0D-4011-8CF5-99CCB6F9C844}
		{83C01BC0-6C4A-4344-BCA5-57054FEF7040} = {DDDDB3CE-A7AB-4370-BAB3-AEA6844EB54D}
		{4A666AB1-813E-456D-A8BD-5548A25F2EB9} = {E11EA49F-A3F4-463F-A32C-82E60FAFD014}
		{2CE46E6A-35F1-4DE9-8DB2-6C5CDC78B143} = {D9359109-C3BF-4D29-8261-0E6F41C4C7A7}
		{EB2E4160-348C-4885-A81F-93664C1CE380} = {E11EA49F-A3F4-463F-A32C-82E60FAFD014}
		{763F37A5-5DFA-4332-86A6-B01F46C0EE5B} = {83C01BC0-6C4A-4344-BCA5-57054FEF7040}
		{138B966B-8BBB-4633-8801-874C78294D08} = {DDDDB3CE-A7AB-4370-BAB3-AEA6844EB54D}
		{5330DC40-7E87-4BA3-A514-7F6C68315F17} = {12D986CB-5184-4998-B28F-DD9D58937474}
		{2DD8744E-87E1-4141-9A8C-8E3A9D340B3A} = {12D986CB-5184-4998-B28F-DD9D58937474}
		{E11EA49F-A3F4-463F-A32C-82E60FAFD014} = {B9439CC1-BB38-4801-8C31-F32B221E5FF9}
		{37B0825E-83B2-4BBE-9755-739FB41E279A} = {E11EA49F-A3F4-463F-A32C-82E60FAFD014}
		{08D95F78-E36D-46FD-999E-7964BC3FCF2B} = {9EA45C01-8A0D-4011-8CF5-99CCB6F9C844}
		{E12AB10C-5B16-42C2-8144-F07C76822158} = {08D95F78-E36D-46FD-999E-7964BC3FCF2B}
		{B8196459-6262-4692-8875-70494AE40523} = {42734AF6-22B0-4350-A3A0-F0D165EE1147}
		{C2206E14-20EB-4344-BB51-683A746B9C78} = {6BA9C647-734A-47D1-A7AF-394A7584FF79}
		{4E33443C-3DE0-479B-AACA-276A5D6C99E9} = {83C01BC0-6C4A-4344-BCA5-57054FEF7040}
		{A8A0D348-1835-4EF9-9578-124780655D3E} = {D9359109-C3BF-4D29-8261-0E6F41C4C7A7}
		{407408F4-9609-478B-840D-F650955593D0} = {B9439CC1-BB38-4801-8C31-F32B221E5FF9}
		{AB650EA5-2270-47CE-96D8-162B05FDF4FB} = {BB879959-65B0-474F-8DC4-F908A9933AD2}
		{D974CF82-92EC-4C03-958D-C7033C0044C0} = {F5A41B3F-E155-461F-921D-5B138ABABEBB}
		{B8D16485-0F81-454A-B93C-4A56BE09DD54} = {42734AF6-22B0-4350-A3A0-F0D165EE1147}
		{E3FE018C-A00A-40B2-8603-619FF69416D4} = {08D95F78-E36D-46FD-999E-7964BC3FCF2B}
		{42170F5D-126E-4D42-A30A-D30047F0C8D0} = {E11EA49F-A3F4-463F-A32C-82E60FAFD014}
		{703D1F17-56FD-4F5A-9E09-73664F93709B} = {E11EA49F-A3F4-463F-A32C-82E60FAFD014}
		{958A3C7D-9894-46A7-ABF9-5452D3E351BC} = {8F9773CB-36DB-416D-B13C-C38F4647276E}
		{235BB7DB-560F-4F38-BB8E-480C4713A2B9} = {BB879959-65B0-474F-8DC4-F908A9933AD2}
		{BB879959-65B0-474F-8DC4-F908A9933AD2} = {138B966B-8BBB-4633-8801-874C78294D08}
		{E16DDD5A-8418-4527-9944-CC435D2F9FFB} = {42734AF6-22B0-4350-A3A0-F0D165EE1147}
		{42734AF6-22B0-4350-A3A0-F0D165EE1147} = {83C01BC0-6C4A-4344-BCA5-57054FEF7040}
		{079FD889-510C-4BCB-BB33-016D8DA16212} = {08D95F78-E36D-46FD-999E-7964BC3FCF2B}
		{BA521C18-33E8-4E2F-9FBE-89153DDB3E2B} = {88CD0105-146F-4DF8-B141-F0C0ECF755DC}
		{88CD0105-146F-4DF8-B141-F0C0ECF755DC} = {D9359109-C3BF-4D29-8261-0E6F41C4C7A7}
		{12D986CB-5184-4998-B28F-DD9D58937474} = {9EA45C01-8A0D-4011-8CF5-99CCB6F9C844}
		{2D5CFA95-AFD6-42B7-B09E-3698B8AEB480} = {F6F8BF01-AF90-4F7A-B3AE-2A1ED3D0B838}
		{8F9773CB-36DB-416D-B13C-C38F4647276E} = {E11EA49F-A3F4-463F-A32C-82E60FAFD014}
		{943C98A2-0971-44E7-AD16-954E55198613} = {8F9773CB-36DB-416D-B13C-C38F4647276E}
		{54A1F344-9AF6-47A6-910E-42844C4B1AC9} = {12D986CB-5184-4998-B28F-DD9D58937474}
		{ED06101F-C50D-4AE1-9BDA-6AD20097DAAA} = {D9359109-C3BF-4D29-8261-0E6F41C4C7A7}
		{F6F8BF01-AF90-4F7A-B3AE-2A1ED3D0B838} = {08D95F78-E36D-46FD-999E-7964BC3FCF2B}
		{F5A41B3F-E155-461F-921D-5B138ABABEBB} = {B9439CC1-BB38-4801-8C31-F32B221E5FF9}
		{71F3D498-F85F-46F8-B89C-B7ABFF28A25E} = {88CD0105-146F-4DF8-B141-F0C0ECF755DC}
		{73F4B723-62B3-47AC-AA74-0B3E6FBC0CBB} = {8F9773CB-36DB-416D-B13C-C38F4647276E}
		{B499661D-7D16-44DA-9D36-3D2EF8482CF9} = {D9359109-C3BF-4D29-8261-0E6F41C4C7A7}
		{EF78EA66-2257-4417-9B59-676DF234195F} = {88CD0105-146F-4DF8-B141-F0C0ECF755DC}
		{C18D28B0-A666-48C1-9C89-EDBC2C1C8B2C} = {F6F8BF01-AF90-4F7A-B3AE-2A1ED3D0B838}
		{D3DD4230-E42B-4AFB-BC53-859A79CDD5BF} = {8F9773CB-36DB-416D-B13C-C38F4647276E}
		{1EC0A000-10FF-4FF3-87D9-151BF539C6D7} = {88CD0105-146F-4DF8-B141-F0C0ECF755DC}
		{150336F2-7D2D-42EC-B18D-DBD8744E1CD9} = {DDDDB3CE-A7AB-4370-BAB3-AEA6844EB54D}
	EndGlobalSection
	GlobalSection(ExtensibilityGlobals) = postSolution
		SolutionGuid = {E02AA841-C226-48B2-8FF5-CAC6899070EF}
	EndGlobalSection
EndGlobal
