Microsoft Visual Studio Solution File, Format Version 12.00
# Visual Studio Version 16
VisualStudioVersion = 16.0.30907.101
MinimumVisualStudioVersion = 10.0.40219.1
Project("{9A19103F-16F7-4668-BE54-9A1E7A4F7556}") = "S3.App.AspNetCore3_1", "S3.App.AspNetCore3_1\S3.App.AspNetCore3_1.csproj", "{95EE448D-7A20-4BF4-BAD7-3558F43B6E6F}"
EndProject
Project("{2150E333-8FDC-42A3-9474-1A3956D46DE8}") = "SupportedClients", "SupportedClients", "{08C8AD61-C46C-406B-A705-178C3437E391}"
EndProject
Project("{2150E333-8FDC-42A3-9474-1A3956D46DE8}") = "Target", "Target", "{3BD9BDCD-3435-4526-B8D6-92C0CCA86155}"
EndProject
Project("{9A19103F-16F7-4668-BE54-9A1E7A4F7556}") = "S3.Mvc.Core", "S3.Mvc.Core\S3.Mvc.Core.csproj", "{42893209-799A-4CB4-A659-4A6987202B7A}"
EndProject
Project("{9A19103F-16F7-4668-BE54-9A1E7A4F7556}") = "S3.CoreServices", "S3.CoreServices\S3.CoreServices.csproj", "{47D1EABD-6EE9-4FA0-9D2F-C3A246445677}"
EndProject
Project("{9A19103F-16F7-4668-BE54-9A1E7A4F7556}") = "S3.UiFlows.Core", "S3.UiFlows.Core\S3.UiFlows.Core.csproj", "{64E214CA-D644-4894-8D97-27A1A9754915}"
EndProject
Project("{9A19103F-16F7-4668-BE54-9A1E7A4F7556}") = "S3.TestServices", "S3.TestServices\S3.TestServices.csproj", "{677192D7-6942-4BE7-971E-E2C949DDCFFD}"
EndProject
Project("{9A19103F-16F7-4668-BE54-9A1E7A4F7556}") = "S3.UI.TestServices", "S3.UI.TestServices\S3.UI.TestServices.csproj", "{90644AA0-D532-4FCB-B382-1928A2CE33D6}"
EndProject
Project("{9A19103F-16F7-4668-BE54-9A1E7A4F7556}") = "S3.App.AspNetCore3_1.UnitTests", "S3.App.AspNetCore3_1.UnitTests\S3.App.AspNetCore3_1.UnitTests.csproj", "{2A11F156-69FF-4F38-ACC8-1C7868DE0DC7}"
EndProject
Project("{9A19103F-16F7-4668-BE54-9A1E7A4F7556}") = "S3.UiFlows.Core.UnitTests", "S3.UiFlows.Core.UnitTests\S3.UiFlows.Core.UnitTests.csproj", "{42CC8550-8692-4D5F-B40D-6FC5E5C86D51}"
EndProject
Project("{9A19103F-16F7-4668-BE54-9A1E7A4F7556}") = "S3.UiFlows.Mvc", "S3.UiFlows.Mvc\S3.UiFlows.Mvc.csproj", "{E9880359-153E-4103-A55C-B5E0D8813A7D}"
EndProject
Project("{9A19103F-16F7-4668-BE54-9A1E7A4F7556}") = "S3.CoreServices.AspNet", "S3.CoreServices.AspNet\S3.CoreServices.AspNet.csproj", "{813993B1-2A36-46EA-8470-5890125E3531}"
EndProject
Project("{2150E333-8FDC-42A3-9474-1A3956D46DE8}") = "Testing", "Testing", "{7FBAAEE9-5318-4517-9D46-EC312FB31E2B}"
EndProject
Project("{2150E333-8FDC-42A3-9474-1A3956D46DE8}") = "Core", "Core", "{D4F2A11E-378B-4BDD-80BF-37180F503393}"
EndProject
Project("{2150E333-8FDC-42A3-9474-1A3956D46DE8}") = "Tests", "Tests", "{4D8F93D1-48CF-4FEA-AB65-EC6C0B25554A}"
EndProject
Project("{2150E333-8FDC-42A3-9474-1A3956D46DE8}") = "Tests", "Tests", "{0B5D7D06-8072-4B5C-943D-BAE08C883771}"
EndProject
Project("{2150E333-8FDC-42A3-9474-1A3956D46DE8}") = "Web", "Web", "{76E0140B-E1B0-4B31-80FA-7A2EA079C2D6}"
EndProject
Project("{2150E333-8FDC-42A3-9474-1A3956D46DE8}") = "Testing", "Testing", "{94BA3427-972A-4EE5-8701-B3B5F96046DD}"
EndProject
Project("{2150E333-8FDC-42A3-9474-1A3956D46DE8}") = "Samples", "Samples", "{6113A54A-CBDB-4F8C-8686-AA0EA5B3652A}"
EndProject
Project("{2150E333-8FDC-42A3-9474-1A3956D46DE8}") = "AspNetCore3_1", "AspNetCore3_1", "{D5C924C6-294B-4EA0-A5FA-47111241A44D}"
EndProject
Project("{D954291E-2A0B-460D-934E-DC6B0785DB48}") = "S3.App.SharedFlows", "S3.App.SharedFlows\S3.App.SharedFlows.shproj", "{31AF54BC-8A4D-4440-A3DE-B2D0B5D548B1}"
EndProject
Project("{2150E333-8FDC-42A3-9474-1A3956D46DE8}") = "Tests", "Tests", "{E39DEB39-DA8C-4B20-8337-AF7AE18016F7}"
EndProject
Project("{9A19103F-16F7-4668-BE54-9A1E7A4F7556}") = "S3.UiFlows.Mvc.UnitTests", "S3.UiFlows.Mvc.UnitTests\S3.UiFlows.Mvc.UnitTests.csproj", "{18700D97-FD49-4CC7-A40F-11B5EA79029A}"
EndProject
Project("{9A19103F-16F7-4668-BE54-9A1E7A4F7556}") = "S3.App.AspNetCore3_1.IntegrationTests", "S3.App.AspNetCore3_1.IntegrationTests\S3.App.AspNetCore3_1.IntegrationTests.csproj", "{56079B19-A692-4A74-8608-0D73D23E619B}"
EndProject
Global
	GlobalSection(SharedMSBuildProjectFiles) = preSolution
		S3.App.SharedFlows\S3.App.SharedFlows.projitems*{31af54bc-8a4d-4440-a3de-b2d0b5d548b1}*SharedItemsImports = 13
		S3.App.SharedFlows\S3.App.SharedFlows.projitems*{95ee448d-7a20-4bf4-bad7-3558f43b6e6f}*SharedItemsImports = 5
	EndGlobalSection
	GlobalSection(SolutionConfigurationPlatforms) = preSolution
		Debug|Any CPU = Debug|Any CPU
		FrameworkDevelopment|Any CPU = FrameworkDevelopment|Any CPU
		Release|Any CPU = Release|Any CPU
	EndGlobalSection
	GlobalSection(ProjectConfigurationPlatforms) = postSolution
		{95EE448D-7A20-4BF4-BAD7-3558F43B6E6F}.Debug|Any CPU.ActiveCfg = Debug|Any CPU
		{95EE448D-7A20-4BF4-BAD7-3558F43B6E6F}.Debug|Any CPU.Build.0 = Debug|Any CPU
		{95EE448D-7A20-4BF4-BAD7-3558F43B6E6F}.FrameworkDevelopment|Any CPU.ActiveCfg = Release|Any CPU
		{95EE448D-7A20-4BF4-BAD7-3558F43B6E6F}.FrameworkDevelopment|Any CPU.Build.0 = Release|Any CPU
		{95EE448D-7A20-4BF4-BAD7-3558F43B6E6F}.Release|Any CPU.ActiveCfg = Release|Any CPU
		{95EE448D-7A20-4BF4-BAD7-3558F43B6E6F}.Release|Any CPU.Build.0 = Release|Any CPU
		{42893209-799A-4CB4-A659-4A6987202B7A}.Debug|Any CPU.ActiveCfg = Debug|Any CPU
		{42893209-799A-4CB4-A659-4A6987202B7A}.Debug|Any CPU.Build.0 = Debug|Any CPU
		{42893209-799A-4CB4-A659-4A6987202B7A}.FrameworkDevelopment|Any CPU.ActiveCfg = Release|Any CPU
		{42893209-799A-4CB4-A659-4A6987202B7A}.FrameworkDevelopment|Any CPU.Build.0 = Release|Any CPU
		{42893209-799A-4CB4-A659-4A6987202B7A}.Release|Any CPU.ActiveCfg = Release|Any CPU
		{42893209-799A-4CB4-A659-4A6987202B7A}.Release|Any CPU.Build.0 = Release|Any CPU
		{47D1EABD-6EE9-4FA0-9D2F-C3A246445677}.Debug|Any CPU.ActiveCfg = Debug|Any CPU
		{47D1EABD-6EE9-4FA0-9D2F-C3A246445677}.Debug|Any CPU.Build.0 = Debug|Any CPU
		{47D1EABD-6EE9-4FA0-9D2F-C3A246445677}.FrameworkDevelopment|Any CPU.ActiveCfg = Release|Any CPU
		{47D1EABD-6EE9-4FA0-9D2F-C3A246445677}.FrameworkDevelopment|Any CPU.Build.0 = Release|Any CPU
		{47D1EABD-6EE9-4FA0-9D2F-C3A246445677}.Release|Any CPU.ActiveCfg = Release|Any CPU
		{47D1EABD-6EE9-4FA0-9D2F-C3A246445677}.Release|Any CPU.Build.0 = Release|Any CPU
		{64E214CA-D644-4894-8D97-27A1A9754915}.Debug|Any CPU.ActiveCfg = Debug|Any CPU
		{64E214CA-D644-4894-8D97-27A1A9754915}.Debug|Any CPU.Build.0 = Debug|Any CPU
		{64E214CA-D644-4894-8D97-27A1A9754915}.FrameworkDevelopment|Any CPU.ActiveCfg = Release|Any CPU
		{64E214CA-D644-4894-8D97-27A1A9754915}.FrameworkDevelopment|Any CPU.Build.0 = Release|Any CPU
		{64E214CA-D644-4894-8D97-27A1A9754915}.Release|Any CPU.ActiveCfg = Release|Any CPU
		{64E214CA-D644-4894-8D97-27A1A9754915}.Release|Any CPU.Build.0 = Release|Any CPU
		{677192D7-6942-4BE7-971E-E2C949DDCFFD}.Debug|Any CPU.ActiveCfg = Debug|Any CPU
		{677192D7-6942-4BE7-971E-E2C949DDCFFD}.Debug|Any CPU.Build.0 = Debug|Any CPU
		{677192D7-6942-4BE7-971E-E2C949DDCFFD}.FrameworkDevelopment|Any CPU.ActiveCfg = Release|Any CPU
		{677192D7-6942-4BE7-971E-E2C949DDCFFD}.FrameworkDevelopment|Any CPU.Build.0 = Release|Any CPU
		{677192D7-6942-4BE7-971E-E2C949DDCFFD}.Release|Any CPU.ActiveCfg = Release|Any CPU
		{677192D7-6942-4BE7-971E-E2C949DDCFFD}.Release|Any CPU.Build.0 = Release|Any CPU
		{90644AA0-D532-4FCB-B382-1928A2CE33D6}.Debug|Any CPU.ActiveCfg = Debug|Any CPU
		{90644AA0-D532-4FCB-B382-1928A2CE33D6}.Debug|Any CPU.Build.0 = Debug|Any CPU
		{90644AA0-D532-4FCB-B382-1928A2CE33D6}.FrameworkDevelopment|Any CPU.ActiveCfg = Debug|Any CPU
		{90644AA0-D532-4FCB-B382-1928A2CE33D6}.FrameworkDevelopment|Any CPU.Build.0 = Debug|Any CPU
		{90644AA0-D532-4FCB-B382-1928A2CE33D6}.Release|Any CPU.ActiveCfg = Release|Any CPU
		{90644AA0-D532-4FCB-B382-1928A2CE33D6}.Release|Any CPU.Build.0 = Release|Any CPU
		{2A11F156-69FF-4F38-ACC8-1C7868DE0DC7}.Debug|Any CPU.ActiveCfg = Debug|Any CPU
		{2A11F156-69FF-4F38-ACC8-1C7868DE0DC7}.Debug|Any CPU.Build.0 = Debug|Any CPU
		{2A11F156-69FF-4F38-ACC8-1C7868DE0DC7}.FrameworkDevelopment|Any CPU.ActiveCfg = Debug|Any CPU
		{2A11F156-69FF-4F38-ACC8-1C7868DE0DC7}.FrameworkDevelopment|Any CPU.Build.0 = Debug|Any CPU
		{2A11F156-69FF-4F38-ACC8-1C7868DE0DC7}.Release|Any CPU.ActiveCfg = Release|Any CPU
		{2A11F156-69FF-4F38-ACC8-1C7868DE0DC7}.Release|Any CPU.Build.0 = Release|Any CPU
		{42CC8550-8692-4D5F-B40D-6FC5E5C86D51}.Debug|Any CPU.ActiveCfg = Debug|Any CPU
		{42CC8550-8692-4D5F-B40D-6FC5E5C86D51}.Debug|Any CPU.Build.0 = Debug|Any CPU
		{42CC8550-8692-4D5F-B40D-6FC5E5C86D51}.FrameworkDevelopment|Any CPU.ActiveCfg = Debug|Any CPU
		{42CC8550-8692-4D5F-B40D-6FC5E5C86D51}.FrameworkDevelopment|Any CPU.Build.0 = Debug|Any CPU
		{42CC8550-8692-4D5F-B40D-6FC5E5C86D51}.Release|Any CPU.ActiveCfg = Release|Any CPU
		{42CC8550-8692-4D5F-B40D-6FC5E5C86D51}.Release|Any CPU.Build.0 = Release|Any CPU
		{E9880359-153E-4103-A55C-B5E0D8813A7D}.Debug|Any CPU.ActiveCfg = Debug|Any CPU
		{E9880359-153E-4103-A55C-B5E0D8813A7D}.Debug|Any CPU.Build.0 = Debug|Any CPU
		{E9880359-153E-4103-A55C-B5E0D8813A7D}.FrameworkDevelopment|Any CPU.ActiveCfg = Release|Any CPU
		{E9880359-153E-4103-A55C-B5E0D8813A7D}.FrameworkDevelopment|Any CPU.Build.0 = Release|Any CPU
		{E9880359-153E-4103-A55C-B5E0D8813A7D}.Release|Any CPU.ActiveCfg = Release|Any CPU
		{E9880359-153E-4103-A55C-B5E0D8813A7D}.Release|Any CPU.Build.0 = Release|Any CPU
		{813993B1-2A36-46EA-8470-5890125E3531}.Debug|Any CPU.ActiveCfg = Debug|Any CPU
		{813993B1-2A36-46EA-8470-5890125E3531}.Debug|Any CPU.Build.0 = Debug|Any CPU
		{813993B1-2A36-46EA-8470-5890125E3531}.FrameworkDevelopment|Any CPU.ActiveCfg = Debug|Any CPU
		{813993B1-2A36-46EA-8470-5890125E3531}.FrameworkDevelopment|Any CPU.Build.0 = Debug|Any CPU
		{813993B1-2A36-46EA-8470-5890125E3531}.Release|Any CPU.ActiveCfg = Release|Any CPU
		{813993B1-2A36-46EA-8470-5890125E3531}.Release|Any CPU.Build.0 = Release|Any CPU
		{18700D97-FD49-4CC7-A40F-11B5EA79029A}.Debug|Any CPU.ActiveCfg = Debug|Any CPU
		{18700D97-FD49-4CC7-A40F-11B5EA79029A}.Debug|Any CPU.Build.0 = Debug|Any CPU
		{18700D97-FD49-4CC7-A40F-11B5EA79029A}.FrameworkDevelopment|Any CPU.ActiveCfg = Debug|Any CPU
		{18700D97-FD49-4CC7-A40F-11B5EA79029A}.FrameworkDevelopment|Any CPU.Build.0 = Debug|Any CPU
		{18700D97-FD49-4CC7-A40F-11B5EA79029A}.Release|Any CPU.ActiveCfg = Release|Any CPU
		{18700D97-FD49-4CC7-A40F-11B5EA79029A}.Release|Any CPU.Build.0 = Release|Any CPU
		{56079B19-A692-4A74-8608-0D73D23E619B}.Debug|Any CPU.ActiveCfg = Debug|Any CPU
		{56079B19-A692-4A74-8608-0D73D23E619B}.Debug|Any CPU.Build.0 = Debug|Any CPU
		{56079B19-A692-4A74-8608-0D73D23E619B}.FrameworkDevelopment|Any CPU.ActiveCfg = Debug|Any CPU
		{56079B19-A692-4A74-8608-0D73D23E619B}.FrameworkDevelopment|Any CPU.Build.0 = Debug|Any CPU
		{56079B19-A692-4A74-8608-0D73D23E619B}.Release|Any CPU.ActiveCfg = Release|Any CPU
		{56079B19-A692-4A74-8608-0D73D23E619B}.Release|Any CPU.Build.0 = Release|Any CPU
	EndGlobalSection
	GlobalSection(SolutionProperties) = preSolution
		HideSolutionNode = FALSE
	EndGlobalSection
	GlobalSection(NestedProjects) = preSolution
		{95EE448D-7A20-4BF4-BAD7-3558F43B6E6F} = {D5C924C6-294B-4EA0-A5FA-47111241A44D}
		{42893209-799A-4CB4-A659-4A6987202B7A} = {76E0140B-E1B0-4B31-80FA-7A2EA079C2D6}
		{47D1EABD-6EE9-4FA0-9D2F-C3A246445677} = {D4F2A11E-378B-4BDD-80BF-37180F503393}
		{64E214CA-D644-4894-8D97-27A1A9754915} = {D4F2A11E-378B-4BDD-80BF-37180F503393}
		{677192D7-6942-4BE7-971E-E2C949DDCFFD} = {7FBAAEE9-5318-4517-9D46-EC312FB31E2B}
		{90644AA0-D532-4FCB-B382-1928A2CE33D6} = {94BA3427-972A-4EE5-8701-B3B5F96046DD}
		{2A11F156-69FF-4F38-ACC8-1C7868DE0DC7} = {0B5D7D06-8072-4B5C-943D-BAE08C883771}
		{42CC8550-8692-4D5F-B40D-6FC5E5C86D51} = {4D8F93D1-48CF-4FEA-AB65-EC6C0B25554A}
		{E9880359-153E-4103-A55C-B5E0D8813A7D} = {76E0140B-E1B0-4B31-80FA-7A2EA079C2D6}
		{813993B1-2A36-46EA-8470-5890125E3531} = {76E0140B-E1B0-4B31-80FA-7A2EA079C2D6}
		{7FBAAEE9-5318-4517-9D46-EC312FB31E2B} = {3BD9BDCD-3435-4526-B8D6-92C0CCA86155}
		{D4F2A11E-378B-4BDD-80BF-37180F503393} = {3BD9BDCD-3435-4526-B8D6-92C0CCA86155}
		{4D8F93D1-48CF-4FEA-AB65-EC6C0B25554A} = {D4F2A11E-378B-4BDD-80BF-37180F503393}
		{0B5D7D06-8072-4B5C-943D-BAE08C883771} = {D5C924C6-294B-4EA0-A5FA-47111241A44D}
		{76E0140B-E1B0-4B31-80FA-7A2EA079C2D6} = {3BD9BDCD-3435-4526-B8D6-92C0CCA86155}
		{94BA3427-972A-4EE5-8701-B3B5F96046DD} = {76E0140B-E1B0-4B31-80FA-7A2EA079C2D6}
		{D5C924C6-294B-4EA0-A5FA-47111241A44D} = {08C8AD61-C46C-406B-A705-178C3437E391}
		{31AF54BC-8A4D-4440-A3DE-B2D0B5D548B1} = {08C8AD61-C46C-406B-A705-178C3437E391}
		{E39DEB39-DA8C-4B20-8337-AF7AE18016F7} = {76E0140B-E1B0-4B31-80FA-7A2EA079C2D6}
		{18700D97-FD49-4CC7-A40F-11B5EA79029A} = {E39DEB39-DA8C-4B20-8337-AF7AE18016F7}
		{56079B19-A692-4A74-8608-0D73D23E619B} = {0B5D7D06-8072-4B5C-943D-BAE08C883771}
	EndGlobalSection
	GlobalSection(ExtensibilityGlobals) = postSolution
		SolutionGuid = {E02AA841-C226-48B2-8FF5-CAC6899070EF}
	EndGlobalSection
EndGlobal
